
Microsoft Visual Studio Solution File, Format Version 12.00
# Visual Studio 15
VisualStudioVersion = 15.0.27703.2047
MinimumVisualStudioVersion = 10.0.40219.1
Project("{9A19103F-16F7-4668-BE54-9A1E7A4F7556}") = "Kafka.Playground.Consumer", "Kafka.Playground\Kafka.Playground.Consumer.csproj", "{84CA2205-B491-4186-84B1-690D6D149B2D}"
EndProject
Project("{9A19103F-16F7-4668-BE54-9A1E7A4F7556}") = "Kafka.Playground.Producer", "Kafka.Playground.Producer\Kafka.Playground.Producer.csproj", "{A9471CA7-9EAD-4277-AF7A-7D249CD9940F}"
EndProject
Project("{FAE04EC0-301F-11D3-BF4B-00C04F79EFBC}") = "Kafka.Playground.Common", "Kafka.Playground.Common\Kafka.Playground.Common.csproj", "{888C0A92-87BF-4350-B9BB-AB4A37EDC1C0}"
EndProject
Global
	GlobalSection(SolutionConfigurationPlatforms) = preSolution
		Debug|Any CPU = Debug|Any CPU
		Release|Any CPU = Release|Any CPU
	EndGlobalSection
	GlobalSection(ProjectConfigurationPlatforms) = postSolution
		{84CA2205-B491-4186-84B1-690D6D149B2D}.Debug|Any CPU.ActiveCfg = Debug|Any CPU
		{84CA2205-B491-4186-84B1-690D6D149B2D}.Debug|Any CPU.Build.0 = Debug|Any CPU
		{84CA2205-B491-4186-84B1-690D6D149B2D}.Release|Any CPU.ActiveCfg = Release|Any CPU
		{84CA2205-B491-4186-84B1-690D6D149B2D}.Release|Any CPU.Build.0 = Release|Any CPU
		{A9471CA7-9EAD-4277-AF7A-7D249CD9940F}.Debug|Any CPU.ActiveCfg = Debug|Any CPU
		{A9471CA7-9EAD-4277-AF7A-7D249CD9940F}.Debug|Any CPU.Build.0 = Debug|Any CPU
		{A9471CA7-9EAD-4277-AF7A-7D249CD9940F}.Release|Any CPU.ActiveCfg = Release|Any CPU
		{A9471CA7-9EAD-4277-AF7A-7D249CD9940F}.Release|Any CPU.Build.0 = Release|Any CPU
		{888C0A92-87BF-4350-B9BB-AB4A37EDC1C0}.Debug|Any CPU.ActiveCfg = Debug|Any CPU
		{888C0A92-87BF-4350-B9BB-AB4A37EDC1C0}.Debug|Any CPU.Build.0 = Debug|Any CPU
		{888C0A92-87BF-4350-B9BB-AB4A37EDC1C0}.Release|Any CPU.ActiveCfg = Release|Any CPU
		{888C0A92-87BF-4350-B9BB-AB4A37EDC1C0}.Release|Any CPU.Build.0 = Release|Any CPU
	EndGlobalSection
	GlobalSection(SolutionProperties) = preSolution
		HideSolutionNode = FALSE
	EndGlobalSection
	GlobalSection(ExtensibilityGlobals) = postSolution
		SolutionGuid = {4AE4B41E-CBAD-4BC5-BE77-7D86C67034B0}
	EndGlobalSection
EndGlobal
